
Microsoft Visual Studio Solution File, Format Version 12.00
# Visual Studio 15
Project("{FAE04EC0-301F-11D3-BF4B-00C04F79EFBC}") = "USC-Map", "USC-Map.csproj", "{80F0103C-7670-4FFD-8E97-870E6A5A0995}"
EndProject
Global
	GlobalSection(SolutionConfigurationPlatforms) = preSolution
		Debug|Any CPU = Debug|Any CPU
		Release|Any CPU = Release|Any CPU
	EndGlobalSection
	GlobalSection(ProjectConfigurationPlatforms) = postSolution
		{80F0103C-7670-4FFD-8E97-870E6A5A0995}.Debug|Any CPU.ActiveCfg = Debug|Any CPU
		{80F0103C-7670-4FFD-8E97-870E6A5A0995}.Debug|Any CPU.Build.0 = Debug|Any CPU
		{80F0103C-7670-4FFD-8E97-870E6A5A0995}.Release|Any CPU.ActiveCfg = Release|Any CPU
		{80F0103C-7670-4FFD-8E97-870E6A5A0995}.Release|Any CPU.Build.0 = Release|Any CPU
	EndGlobalSection
EndGlobal
